
Microsoft Visual Studio Solution File, Format Version 12.00
# Visual Studio Version 17
VisualStudioVersion = 17.4.33403.182
MinimumVisualStudioVersion = 10.0.40219.1
Project("{9A19103F-16F7-4668-BE54-9A1E7A4F7556}") = "IO Checkout Tool", "IO Checkout Tool.csproj", "{6C6A0FA0-4D21-4E55-A44A-4C5B837BBE4D}"
EndProject
Global
	GlobalSection(SolutionConfigurationPlatforms) = preSolution
		Debug|Any CPU = Debug|Any CPU
		Release|Any CPU = Release|Any CPU
	EndGlobalSection
	GlobalSection(ProjectConfigurationPlatforms) = postSolution
		{6C6A0FA0-4D21-4E55-A44A-4C5B837BBE4D}.Debug|Any CPU.ActiveCfg = Debug|Any CPU
		{6C6A0FA0-4D21-4E55-A44A-4C5B837BBE4D}.Debug|Any CPU.Build.0 = Debug|Any CPU
		{6C6A0FA0-4D21-4E55-A44A-4C5B837BBE4D}.Release|Any CPU.ActiveCfg = Release|Any CPU
		{6C6A0FA0-4D21-4E55-A44A-4C5B837BBE4D}.Release|Any CPU.Build.0 = Release|Any CPU
	EndGlobalSection
	GlobalSection(SolutionProperties) = preSolution
		HideSolutionNode = FALSE
	EndGlobalSection
	GlobalSection(ExtensibilityGlobals) = postSolution
		SolutionGuid = {14963451-16ED-438C-A303-A51BA6E7E04F}
	EndGlobalSection
EndGlobal
